
Microsoft Visual Studio Solution File, Format Version 12.00
# Visual Studio Version 16
VisualStudioVersion = 16.0.31729.503
MinimumVisualStudioVersion = 10.0.40219.1
Project("{FAE04EC0-301F-11D3-BF4B-00C04F79EFBC}") = "POS with Interface", "POS with Interface\POS with Interface.csproj", "{22DEDE84-5F3D-4014-9593-CF8774CF9052}"
EndProject
Global
	GlobalSection(SolutionConfigurationPlatforms) = preSolution
		Debug|Any CPU = Debug|Any CPU
		Release|Any CPU = Release|Any CPU
	EndGlobalSection
	GlobalSection(ProjectConfigurationPlatforms) = postSolution
		{22DEDE84-5F3D-4014-9593-CF8774CF9052}.Debug|Any CPU.ActiveCfg = Debug|Any CPU
		{22DEDE84-5F3D-4014-9593-CF8774CF9052}.Debug|Any CPU.Build.0 = Debug|Any CPU
		{22DEDE84-5F3D-4014-9593-CF8774CF9052}.Release|Any CPU.ActiveCfg = Release|Any CPU
		{22DEDE84-5F3D-4014-9593-CF8774CF9052}.Release|Any CPU.Build.0 = Release|Any CPU
	EndGlobalSection
	GlobalSection(SolutionProperties) = preSolution
		HideSolutionNode = FALSE
	EndGlobalSection
	GlobalSection(ExtensibilityGlobals) = postSolution
		SolutionGuid = {04DB3BBA-AE3C-44D4-902D-B9F0BF22FF71}
	EndGlobalSection
EndGlobal
